{
  "requires": true,
  "lockfileVersion": 1,
  "dependencies": {
    "downloadjs": {
      "version": "1.4.7",
      "resolved": "https://registry.npmjs.org/downloadjs/-/downloadjs-1.4.7.tgz",
      "integrity": "sha1-9p+W+UDg0FU9rCkROYZaPNAQHjw="
    },
    "file-saver": {
      "version": "2.0.2",
      "resolved": "https://registry.npmjs.org/file-saver/-/file-saver-2.0.2.tgz",
      "integrity": "sha512-Wz3c3XQ5xroCxd1G8b7yL0Ehkf0TC9oYC6buPFkNnU9EnaPlifeAFCyCh+iewXTyFRcg0a6j3J7FmJsIhlhBdw=="
    },
    "lodash": {
      "version": "4.17.15",
      "resolved": "https://registry.npmjs.org/lodash/-/lodash-4.17.15.tgz",
      "integrity": "sha512-8xOcRHvCjnocdS5cpwXQXVzmmh5e5+saE2QGoeQmbKmRS6J3VQppPOIt0MnmE+4xlZoumy0GPG0D0MVIQbNA1A=="
    },
    "papaparse": {
      "version": "5.1.1",
      "resolved": "https://registry.npmjs.org/papaparse/-/papaparse-5.1.1.tgz",
      "integrity": "sha512-KPkW4GNQxunmYTeJIjHFrvilcNuHBWrfgbyvmagEmfGOA4hnP1WIkPbv4yABhj1Nam3as4w+7MBiI27BntwqVg=="
    },
    "vue": {
      "version": "2.6.11",
      "resolved": "https://registry.npmjs.org/vue/-/vue-2.6.11.tgz",
      "integrity": "sha512-VfPwgcGABbGAue9+sfrD4PuwFar7gPb1yl1UK1MwXoQPAw0BKSqWfoYCT/ThFrdEVWoI51dBuyCoiNU9bZDZxQ=="
    },
    "vue-json-csv": {
      "version": "1.2.10",
      "resolved": "https://registry.npmjs.org/vue-json-csv/-/vue-json-csv-1.2.10.tgz",
      "integrity": "sha512-aNrSNM+gkVZY9jXWKiTZxHYKWF2NB4/RKV4cT8Uz51PS/omVqu/QCggs6h9kvjV/9NsrZ6PEPbHkQJst4TPu7Q==",
      "requires": {
        "file-saver": "^2.0.2",
        "lodash": "^4.17.15",
        "papaparse": "^5.1.1",
        "vue": "^2.6.11"
      }
    },
    "vue-json-excel": {
      "version": "0.2.98",
      "resolved": "https://registry.npmjs.org/vue-json-excel/-/vue-json-excel-0.2.98.tgz",
      "integrity": "sha512-hPA3/cOe5nGbEZiJyfpdBIdqBExxF6EhMhpX6vC654PYbTVzdzp7O9ZsC1AgqbgRDR8VjzAaPaEeHg2vGS88FQ==",
      "requires": {
        "downloadjs": "^1.4.7"
      }
    },
    "vue-json-to-csv": {
      "version": "1.1.8",
      "resolved": "https://registry.npmjs.org/vue-json-to-csv/-/vue-json-to-csv-1.1.8.tgz",
      "integrity": "sha512-xdV2cUyLQYPnG6ChjLJn3+PYnP8zxZG5u6QtFjAMzcsUtGvLFrTvMN4XnD/he4M67Y14nXE0i/20xeyaVfhylQ=="
    }
  }
}
