{
  "requires": true,
  "lockfileVersion": 1,
  "dependencies": {
    "d3-collection": {
      "version": "1.0.7",
      "resolved": "https://registry.npmjs.org/d3-collection/-/d3-collection-1.0.7.tgz",
      "integrity": "sha512-ii0/r5f4sjKNTfh84Di+DpztYwqKhEyUlKoPrzUFfeSkWxjW49xU2QzO9qrPrNkpdI0XJkfzvmTu8V2Zylln6A=="
    },
    "d3-dispatch": {
      "version": "1.0.6",
      "resolved": "https://registry.npmjs.org/d3-dispatch/-/d3-dispatch-1.0.6.tgz",
      "integrity": "sha512-fVjoElzjhCEy+Hbn8KygnmMS7Or0a9sI2UzGwoB7cCtvI1XpVN9GpoYlnb3xt2YV66oXYb1fLJ8GMvP4hdU1RA=="
    },
    "d3-force": {
      "version": "1.2.1",
      "resolved": "https://registry.npmjs.org/d3-force/-/d3-force-1.2.1.tgz",
      "integrity": "sha512-HHvehyaiUlVo5CxBJ0yF/xny4xoaxFxDnBXNvNcfW9adORGZfyNF1dj6DGLKyk4Yh3brP/1h3rnDzdIAwL08zg==",
      "requires": {
        "d3-collection": "1",
        "d3-dispatch": "1",
        "d3-quadtree": "1",
        "d3-timer": "1"
      }
    },
    "d3-quadtree": {
      "version": "1.0.7",
      "resolved": "https://registry.npmjs.org/d3-quadtree/-/d3-quadtree-1.0.7.tgz",
      "integrity": "sha512-RKPAeXnkC59IDGD0Wu5mANy0Q2V28L+fNe65pOCXVdVuTJS3WPKaJlFHer32Rbh9gIo9qMuJXio8ra4+YmIymA=="
    },
    "d3-timer": {
      "version": "1.0.10",
      "resolved": "https://registry.npmjs.org/d3-timer/-/d3-timer-1.0.10.tgz",
      "integrity": "sha512-B1JDm0XDaQC+uvo4DT79H0XmBskgS3l6Ve+1SBCfxgmtIb1AVrPIoqd+nPSv+loMX8szQ0sVUhGngL7D5QPiXw=="
    },
    "date-fns": {
      "version": "2.11.0",
      "resolved": "https://registry.npmjs.org/date-fns/-/date-fns-2.11.0.tgz",
      "integrity": "sha512-8P1cDi8ebZyDxUyUprBXwidoEtiQAawYPGvpfb+Dg0G6JrQ+VozwOmm91xYC0vAv1+0VmLehEPb+isg4BGUFfA=="
    },
    "downloadjs": {
      "version": "1.4.7",
      "resolved": "https://registry.npmjs.org/downloadjs/-/downloadjs-1.4.7.tgz",
      "integrity": "sha1-9p+W+UDg0FU9rCkROYZaPNAQHjw="
    },
    "file-saver": {
      "version": "2.0.2",
      "resolved": "https://registry.npmjs.org/file-saver/-/file-saver-2.0.2.tgz",
      "integrity": "sha512-Wz3c3XQ5xroCxd1G8b7yL0Ehkf0TC9oYC6buPFkNnU9EnaPlifeAFCyCh+iewXTyFRcg0a6j3J7FmJsIhlhBdw=="
    },
    "lodash": {
      "version": "4.17.15",
      "resolved": "https://registry.npmjs.org/lodash/-/lodash-4.17.15.tgz",
      "integrity": "sha512-8xOcRHvCjnocdS5cpwXQXVzmmh5e5+saE2QGoeQmbKmRS6J3VQppPOIt0MnmE+4xlZoumy0GPG0D0MVIQbNA1A=="
    },
    "papaparse": {
      "version": "5.1.1",
      "resolved": "https://registry.npmjs.org/papaparse/-/papaparse-5.1.1.tgz",
      "integrity": "sha512-KPkW4GNQxunmYTeJIjHFrvilcNuHBWrfgbyvmagEmfGOA4hnP1WIkPbv4yABhj1Nam3as4w+7MBiI27BntwqVg=="
    },
    "vue": {
      "version": "2.6.11",
      "resolved": "https://registry.npmjs.org/vue/-/vue-2.6.11.tgz",
      "integrity": "sha512-VfPwgcGABbGAue9+sfrD4PuwFar7gPb1yl1UK1MwXoQPAw0BKSqWfoYCT/ThFrdEVWoI51dBuyCoiNU9bZDZxQ=="
    },
    "vue-d3-network": {
      "version": "0.1.28",
      "resolved": "https://registry.npmjs.org/vue-d3-network/-/vue-d3-network-0.1.28.tgz",
      "integrity": "sha512-36Id0gT/fMEK0i+rV7ikAbqXdB0wDHK9cBOlXDjLK2FYBB8yAExN82dYsmTF4GPiGx59hsQV/MvgWmercRjDww==",
      "requires": {
        "d3-force": "^1.0.6"
      }
    },
    "vue-json-csv": {
      "version": "1.2.10",
      "resolved": "https://registry.npmjs.org/vue-json-csv/-/vue-json-csv-1.2.10.tgz",
      "integrity": "sha512-aNrSNM+gkVZY9jXWKiTZxHYKWF2NB4/RKV4cT8Uz51PS/omVqu/QCggs6h9kvjV/9NsrZ6PEPbHkQJst4TPu7Q==",
      "requires": {
        "file-saver": "^2.0.2",
        "lodash": "^4.17.15",
        "papaparse": "^5.1.1",
        "vue": "^2.6.11"
      }
    },
    "vue-json-excel": {
      "version": "0.2.98",
      "resolved": "https://registry.npmjs.org/vue-json-excel/-/vue-json-excel-0.2.98.tgz",
      "integrity": "sha512-hPA3/cOe5nGbEZiJyfpdBIdqBExxF6EhMhpX6vC654PYbTVzdzp7O9ZsC1AgqbgRDR8VjzAaPaEeHg2vGS88FQ==",
      "requires": {
        "downloadjs": "^1.4.7"
      }
    },
    "vue-json-to-csv": {
      "version": "1.1.8",
      "resolved": "https://registry.npmjs.org/vue-json-to-csv/-/vue-json-to-csv-1.1.8.tgz",
      "integrity": "sha512-xdV2cUyLQYPnG6ChjLJn3+PYnP8zxZG5u6QtFjAMzcsUtGvLFrTvMN4XnD/he4M67Y14nXE0i/20xeyaVfhylQ=="
    },
    "vuetify": {
      "version": "2.2.18",
      "resolved": "https://registry.npmjs.org/vuetify/-/vuetify-2.2.18.tgz",
      "integrity": "sha512-RXN065xh5xKmTnEH6+1YFZWp67soOJPTIqqPNliSp9eE72Q7a5fmaV1xQsEVVaVA12+5Hvroo7NW7MP/APucGw=="
    },
    "vuetify-datetime-picker": {
      "version": "2.1.1",
      "resolved": "https://registry.npmjs.org/vuetify-datetime-picker/-/vuetify-datetime-picker-2.1.1.tgz",
      "integrity": "sha512-xY3YCVNxoe/5Chbm7G2BXrkg12CWLWwnDJZdhNPVKe1p8S72H8NomYOB6SSBzMMEHisRGIRzAQTDwDfDU06x/Q==",
      "requires": {
        "date-fns": "^2.1.0",
        "vue": "^2.6.10",
        "vuetify": "^2.1.3"
      }
    }
  }
}
